
Microsoft Visual Studio Solution File, Format Version 12.00
# Visual Studio Version 17
VisualStudioVersion = 17.0.31903.59
MinimumVisualStudioVersion = 10.0.40219.1
Project("{FAE04EC0-301F-11D3-BF4B-00C04F79EFBC}") = "01 - HelloAIChatApp", "01 - HelloAIChatApp\01 - HelloAIChatApp.csproj", "{C7369E7C-49E2-4A0E-9BEB-1F172FD2F04F}"
EndProject
Project("{FAE04EC0-301F-11D3-BF4B-00C04F79EFBC}") = "02 - Basic Chat App", "02 - Basic Chat App\02 - Basic Chat App.csproj", "{2350E0FF-274C-41C0-9951-915AD3D223AE}"
EndProject
Project("{FAE04EC0-301F-11D3-BF4B-00C04F79EFBC}") = "03 - QandA Chat App", "03 - QandA Chat App\03 - QandA Chat App.csproj", "{45E327E3-7DDF-4478-9CE4-34DEDC977AB8}"
EndProject
Project("{FAE04EC0-301F-11D3-BF4B-00C04F79EFBC}") = "04 - AI Functions", "04 - AI Functions\04 - AI Functions.csproj", "{B5DFA21A-EE6C-4349-9F47-AF0D22C5E055}"
EndProject
Project("{FAE04EC0-301F-11D3-BF4B-00C04F79EFBC}") = "05 - AI Function SK", "05 - AI Function SK\05 - AI Function SK.csproj", "{238572C4-4B2A-4717-A07F-4AF4D78CAED4}"
EndProject
Project("{FAE04EC0-301F-11D3-BF4B-00C04F79EFBC}") = "MovieVectorShared", "MovieVectorShared\MovieVectorShared.csproj", "{33102F01-24B0-433A-AC69-5342B03B0590}"
EndProject
Project("{FAE04EC0-301F-11D3-BF4B-00C04F79EFBC}") = "06 - RAG Vector Memory", "06 - RAG Vector Memory\06 - RAG Vector Memory.csproj", "{289EC340-3C30-40E4-A49E-29E87422D377}"
EndProject
Project("{FAE04EC0-301F-11D3-BF4B-00C04F79EFBC}") = "07 - RAG Azure AI", "07 - RAG Azure AI\07 - RAG Azure AI.csproj", "{F77B4E81-4866-4DA4-9737-663F0359FFF7}"
EndProject
Project("{FAE04EC0-301F-11D3-BF4B-00C04F79EFBC}") = "08 - RAG SK", "08 - RAG SK\08 - RAG SK.csproj", "{FD375ED5-B0D4-42F0-BD33-0443ACBAB1AB}"
EndProject
Project("{FAE04EC0-301F-11D3-BF4B-00C04F79EFBC}") = "09 - Images Azure AI", "09 - Images Azure AI\09 - Images Azure AI.csproj", "{45B7B2E4-75DD-4685-8B2D-0F8C78A299BB}"
EndProject
Project("{FAE04EC0-301F-11D3-BF4B-00C04F79EFBC}") = "10 - audio azure speech", "10 - audio azure speech\10 - audio azure speech.csproj", "{C0DDF506-89E3-4456-9991-5A36ED75BAAC}"
EndProject
Project("{FAE04EC0-301F-11D3-BF4B-00C04F79EFBC}") = "11 - AI agent", "11 - AI agent\11 - AI agent.csproj", "{7E87862C-2C3A-4549-840F-902936141865}"
EndProject
Project("{FAE04EC0-301F-11D3-BF4B-00C04F79EFBC}") = "12 - AI Travel agent", "12 - AI Travel agent\12 - AI Travel agent.csproj", "{565DD8BB-3764-4943-9BDE-AEA55615BF81}"
EndProject
Project("{FAE04EC0-301F-11D3-BF4B-00C04F79EFBC}") = "13 - Reasoning", "13 - Reasoning\13 - Reasoning.csproj", "{79A7F356-79D6-4062-9454-31DE6BD3FA2E}"
EndProject
Project("{FAE04EC0-301F-11D3-BF4B-00C04F79EFBC}") = "14 - Eval a Model response", "14 - Eval a Model response\14 - Eval a Model response.csproj", "{3E25EC17-06D3-4FF8-8D7E-A6EE21F54E58}"
EndProject
Project("{FAE04EC0-301F-11D3-BF4B-00C04F79EFBC}") = "15 - Eval with reporting", "15 - Eval with reporting\15 - Eval with reporting.csproj", "{A069575B-D809-4AE0-B3B2-A8E2ECE67FDB}"
EndProject
Project("{FAE04EC0-301F-11D3-BF4B-00C04F79EFBC}") = "16 - SK_Create Kernel", "16 - SK_Create Kernel\16 - SK_Create Kernel.csproj", "{30A2AC72-31CB-4B9E-AB0A-AA4ADCCF8A3E}"
EndProject
Project("{FAE04EC0-301F-11D3-BF4B-00C04F79EFBC}") = "17 - Add Plugins", "17 - Add Plugins\17 - Add Plugins.csproj", "{2B4E47FD-AB78-4C9C-B114-915943506C52}"
EndProject
Project("{FAE04EC0-301F-11D3-BF4B-00C04F79EFBC}") = "18 - SK yaml prompt", "18 - SK yaml prompt\18 - SK yaml prompt.csproj", "{85A42EB0-F373-4BDB-8591-C57FA05BDB3D}"
EndProject
Project("{FAE04EC0-301F-11D3-BF4B-00C04F79EFBC}") = "19 - SK dependency injection", "19 - SK dependency injection\19 - SK dependency injection.csproj", "{DF01FA5A-B6F0-4F5F-9D36-09E452635019}"
EndProject
Project("{FAE04EC0-301F-11D3-BF4B-00C04F79EFBC}") = "20 - SK chat prompt", "20 - SK chat prompt\20 - SK chat prompt.csproj", "{698B70A6-02F6-49F9-AB0D-55D618148C25}"
EndProject
Project("{FAE04EC0-301F-11D3-BF4B-00C04F79EFBC}") = "21 - SK responsible AI", "21 - SK responsible AI\21 - SK responsible AI.csproj", "{DB79010C-0974-4948-89E0-D3F4C46FC582}"
EndProject
Project("{FAE04EC0-301F-11D3-BF4B-00C04F79EFBC}") = "22 - SK observability", "22 - SK observability\22 - SK observability.csproj", "{667F4949-BAFA-4F6C-8444-C02006C8F7AC}"
EndProject
Project("{FAE04EC0-301F-11D3-BF4B-00C04F79EFBC}") = "23 - SK pipelines", "23 - SK pipelines\23 - SK pipelines.csproj", "{E0F078B4-F00E-48A7-B918-5EF1DC5A705F}"
EndProject
Project("{FAE04EC0-301F-11D3-BF4B-00C04F79EFBC}") = "24 - SK Plugin DI", "24 - SK Plugin DI\24 - SK Plugin DI.csproj", "{D061A1D3-5381-48E3-9F1D-9F210A172715}"
EndProject
Project("{FAE04EC0-301F-11D3-BF4B-00C04F79EFBC}") = "25 - SK Open Tele", "25 - SK Open Tele\25 - SK Open Tele.csproj", "{2E670DE8-D543-4CFC-B43D-E88FDE832F33}"
EndProject
Project("{FAE04EC0-301F-11D3-BF4B-00C04F79EFBC}") = "26 - SK Open Tele App Insights", "26 - SK Open Tele App Insights\26 - SK Open Tele App Insights.csproj", "{5D76226C-A3E0-4739-B038-517DA1309727}"
EndProject
Project("{FAE04EC0-301F-11D3-BF4B-00C04F79EFBC}") = "27 - SK ingest in memory vector store", "27 - SK ingest in memory vector store\27 - SK ingest in memory vector store.csproj", "{EC2DE357-1976-41B9-8B59-DEE076BA533C}"
EndProject
Project("{FAE04EC0-301F-11D3-BF4B-00C04F79EFBC}") = "28 - SK search Vector store", "28 - SK search Vector store\28 - SK search Vector store.csproj", "{B3FA30E0-CA7B-40FE-AC57-18E1B386CD8E}"
EndProject
Project("{FAE04EC0-301F-11D3-BF4B-00C04F79EFBC}") = "29 - SK Azure AI Search", "29 - SK Azure AI Search\29 - SK Azure AI Search.csproj", "{24752455-F29C-4C90-B7DC-E10C3230A72A}"
EndProject
Project("{FAE04EC0-301F-11D3-BF4B-00C04F79EFBC}") = "30 - AI Agent File processing", "30 - AI Agent File processing\30 - AI Agent File processing.csproj", "{5C25A3A6-F81B-4BAC-A9E3-1D654D785286}"
EndProject
Project("{FAE04EC0-301F-11D3-BF4B-00C04F79EFBC}") = "31 - AI Agent Streaming", "31 - AI Agent Streaming\31 - AI Agent Streaming.csproj", "{10A0F71F-ACD3-4907-B8C8-BF5EFA5D771D}"
EndProject
Project("{FAE04EC0-301F-11D3-BF4B-00C04F79EFBC}") = "32 - AI Agent Chat Completion", "32 - AI Agent Chat Completion\32 - AI Agent Chat Completion.csproj", "{19D00485-5C8A-44F0-A59B-94D7507CA1CA}"
EndProject
Project("{FAE04EC0-301F-11D3-BF4B-00C04F79EFBC}") = "33 - AI Agent Chat Completion History Trunctation", "33 - AI Agent Chat Completion History Trunctation\33 - AI Agent Chat Completion History Trunctation.csproj", "{902B4134-75BD-4BBB-AD05-371F85585770}"
EndProject
Project("{FAE04EC0-301F-11D3-BF4B-00C04F79EFBC}") = "34 - AI Agent Chat Completion History Summarization", "34 - AI Agent Chat Completion History Summarization\34 - AI Agent Chat Completion History Summarization.csproj", "{F0C9E8B2-AEAE-4539-A226-CE542C9BCFD4}"
EndProject
Project("{FAE04EC0-301F-11D3-BF4B-00C04F79EFBC}") = "35 - AI Agent Chat Completion Serialization", "35 - AI Agent Chat Completion Serialization\35 - AI Agent Chat Completion Serialization.csproj", "{44021DB3-4D31-40D5-B24C-C325A86CE601}"
EndProject
Project("{FAE04EC0-301F-11D3-BF4B-00C04F79EFBC}") = "36 - AI Agent Chat Completion Service Selection", "36 - AI Agent Chat Completion Service Selection\36 - AI Agent Chat Completion Service Selection.csproj", "{F8C6FB46-FA64-494F-9FCE-FD5C90ACF631}"
EndProject
Project("{FAE04EC0-301F-11D3-BF4B-00C04F79EFBC}") = "37 - AI Agent CHat Completion Streaming", "37 - AI Agent CHat Completion Streaming\37 - AI Agent CHat Completion Streaming.csproj", "{C3258D7B-E1A1-46BF-8359-6BBE5BCFA50B}"
EndProject
Project("{FAE04EC0-301F-11D3-BF4B-00C04F79EFBC}") = "38 - AI Agent Chat Completion Templating", "38 - AI Agent Chat Completion Templating\38 - AI Agent Chat Completion Templating.csproj", "{BE8F1B3F-45A1-4ABD-A229-021F4151A7C5}"
EndProject
Project("{FAE04EC0-301F-11D3-BF4B-00C04F79EFBC}") = "39 - Multi Agent Chat", "39 - Multi Agent Chat\39 - Multi Agent Chat.csproj", "{C162ABAF-1915-4D6E-839C-9E7E570A8B7A}"
EndProject
Project("{FAE04EC0-301F-11D3-BF4B-00C04F79EFBC}") = "40 - Multi Agent Files", "40 - Multi Agent Files\40 - Multi Agent Files.csproj", "{8F34AE6E-ABEC-4EE1-8B31-3C2C2A6A3982}"
EndProject
Project("{FAE04EC0-301F-11D3-BF4B-00C04F79EFBC}") = "41 - Multi Agent Images", "41 - Multi Agent Images\41 - Multi Agent Images.csproj", "{600CB294-23FD-4272-81C2-B34983202907}"
EndProject
Project("{FAE04EC0-301F-11D3-BF4B-00C04F79EFBC}") = "42 - multi agent reset", "42 - multi agent reset\42 - multi agent reset.csproj", "{253A302F-0D97-4CBF-A93D-89895D53D6D9}"
EndProject
Project("{FAE04EC0-301F-11D3-BF4B-00C04F79EFBC}") = "43 - multi agent seralization", "43 - multi agent seralization\43 - multi agent seralization.csproj", "{8285198C-906B-4D5B-A6A3-8064D7EF30A7}"
EndProject
Project("{FAE04EC0-301F-11D3-BF4B-00C04F79EFBC}") = "44 - Multi Agent Streaming", "44 - Multi Agent Streaming\44 - Multi Agent Streaming.csproj", "{D24DB78C-A704-4DED-A6C3-D040CCA3FDF2}"
EndProject
Project("{FAE04EC0-301F-11D3-BF4B-00C04F79EFBC}") = "45 - ChatCompletionPrompt", "45 - ChatCompletionPrompt\45 - ChatCompletionPrompt.csproj", "{8C87036C-EB5D-47C5-A239-CD9DC9F2F502}"
EndProject
Project("{FAE04EC0-301F-11D3-BF4B-00C04F79EFBC}") = "46 - ChatLoop with Prompt", "46 - ChatLoop with Prompt\46 - ChatLoop with Prompt.csproj", "{8639151F-1986-4C8B-8A0C-12BD87C5A8AC}"
EndProject
Project("{FAE04EC0-301F-11D3-BF4B-00C04F79EFBC}") = "47 - chat with prompt", "47 - chat with prompt\47 - chat with prompt.csproj", "{771B9F0F-7793-4E3D-89EE-8B54EBB995C4}"
EndProject
Project("{FAE04EC0-301F-11D3-BF4B-00C04F79EFBC}") = "48 - Handlebars and liquid templates", "48 - Handlebars and liquid templates\48 - Handlebars and liquid templates.csproj", "{BE399F82-C183-4691-82FF-E56B81EA1527}"
EndProject
Project("{FAE04EC0-301F-11D3-BF4B-00C04F79EFBC}") = "49 - handlebars-vision-prmopt", "49 - handlebars-vision-prmopt\49 - handlebars-vision-prmopt.csproj", "{A2FA56C0-5CCB-45C4-8472-A146F05711AE}"
EndProject
Global
	GlobalSection(SolutionConfigurationPlatforms) = preSolution
		Debug|Any CPU = Debug|Any CPU
		Release|Any CPU = Release|Any CPU
	EndGlobalSection
	GlobalSection(SolutionProperties) = preSolution
		HideSolutionNode = FALSE
	EndGlobalSection
	GlobalSection(ProjectConfigurationPlatforms) = postSolution
		{C7369E7C-49E2-4A0E-9BEB-1F172FD2F04F}.Debug|Any CPU.ActiveCfg = Debug|Any CPU
		{C7369E7C-49E2-4A0E-9BEB-1F172FD2F04F}.Debug|Any CPU.Build.0 = Debug|Any CPU
		{C7369E7C-49E2-4A0E-9BEB-1F172FD2F04F}.Release|Any CPU.ActiveCfg = Release|Any CPU
		{C7369E7C-49E2-4A0E-9BEB-1F172FD2F04F}.Release|Any CPU.Build.0 = Release|Any CPU
		{2350E0FF-274C-41C0-9951-915AD3D223AE}.Debug|Any CPU.ActiveCfg = Debug|Any CPU
		{2350E0FF-274C-41C0-9951-915AD3D223AE}.Debug|Any CPU.Build.0 = Debug|Any CPU
		{2350E0FF-274C-41C0-9951-915AD3D223AE}.Release|Any CPU.ActiveCfg = Release|Any CPU
		{2350E0FF-274C-41C0-9951-915AD3D223AE}.Release|Any CPU.Build.0 = Release|Any CPU
		{45E327E3-7DDF-4478-9CE4-34DEDC977AB8}.Debug|Any CPU.ActiveCfg = Debug|Any CPU
		{45E327E3-7DDF-4478-9CE4-34DEDC977AB8}.Debug|Any CPU.Build.0 = Debug|Any CPU
		{45E327E3-7DDF-4478-9CE4-34DEDC977AB8}.Release|Any CPU.ActiveCfg = Release|Any CPU
		{45E327E3-7DDF-4478-9CE4-34DEDC977AB8}.Release|Any CPU.Build.0 = Release|Any CPU
		{B5DFA21A-EE6C-4349-9F47-AF0D22C5E055}.Debug|Any CPU.ActiveCfg = Debug|Any CPU
		{B5DFA21A-EE6C-4349-9F47-AF0D22C5E055}.Debug|Any CPU.Build.0 = Debug|Any CPU
		{B5DFA21A-EE6C-4349-9F47-AF0D22C5E055}.Release|Any CPU.ActiveCfg = Release|Any CPU
		{B5DFA21A-EE6C-4349-9F47-AF0D22C5E055}.Release|Any CPU.Build.0 = Release|Any CPU
		{238572C4-4B2A-4717-A07F-4AF4D78CAED4}.Debug|Any CPU.ActiveCfg = Debug|Any CPU
		{238572C4-4B2A-4717-A07F-4AF4D78CAED4}.Debug|Any CPU.Build.0 = Debug|Any CPU
		{238572C4-4B2A-4717-A07F-4AF4D78CAED4}.Release|Any CPU.ActiveCfg = Release|Any CPU
		{238572C4-4B2A-4717-A07F-4AF4D78CAED4}.Release|Any CPU.Build.0 = Release|Any CPU
		{33102F01-24B0-433A-AC69-5342B03B0590}.Debug|Any CPU.ActiveCfg = Debug|Any CPU
		{33102F01-24B0-433A-AC69-5342B03B0590}.Debug|Any CPU.Build.0 = Debug|Any CPU
		{33102F01-24B0-433A-AC69-5342B03B0590}.Release|Any CPU.ActiveCfg = Release|Any CPU
		{33102F01-24B0-433A-AC69-5342B03B0590}.Release|Any CPU.Build.0 = Release|Any CPU
		{289EC340-3C30-40E4-A49E-29E87422D377}.Debug|Any CPU.ActiveCfg = Debug|Any CPU
		{289EC340-3C30-40E4-A49E-29E87422D377}.Debug|Any CPU.Build.0 = Debug|Any CPU
		{289EC340-3C30-40E4-A49E-29E87422D377}.Release|Any CPU.ActiveCfg = Release|Any CPU
		{289EC340-3C30-40E4-A49E-29E87422D377}.Release|Any CPU.Build.0 = Release|Any CPU
		{F77B4E81-4866-4DA4-9737-663F0359FFF7}.Debug|Any CPU.ActiveCfg = Debug|Any CPU
		{F77B4E81-4866-4DA4-9737-663F0359FFF7}.Debug|Any CPU.Build.0 = Debug|Any CPU
		{F77B4E81-4866-4DA4-9737-663F0359FFF7}.Release|Any CPU.ActiveCfg = Release|Any CPU
		{F77B4E81-4866-4DA4-9737-663F0359FFF7}.Release|Any CPU.Build.0 = Release|Any CPU
		{FD375ED5-B0D4-42F0-BD33-0443ACBAB1AB}.Debug|Any CPU.ActiveCfg = Debug|Any CPU
		{FD375ED5-B0D4-42F0-BD33-0443ACBAB1AB}.Debug|Any CPU.Build.0 = Debug|Any CPU
		{FD375ED5-B0D4-42F0-BD33-0443ACBAB1AB}.Release|Any CPU.ActiveCfg = Release|Any CPU
		{FD375ED5-B0D4-42F0-BD33-0443ACBAB1AB}.Release|Any CPU.Build.0 = Release|Any CPU
		{45B7B2E4-75DD-4685-8B2D-0F8C78A299BB}.Debug|Any CPU.ActiveCfg = Debug|Any CPU
		{45B7B2E4-75DD-4685-8B2D-0F8C78A299BB}.Debug|Any CPU.Build.0 = Debug|Any CPU
		{45B7B2E4-75DD-4685-8B2D-0F8C78A299BB}.Release|Any CPU.ActiveCfg = Release|Any CPU
		{45B7B2E4-75DD-4685-8B2D-0F8C78A299BB}.Release|Any CPU.Build.0 = Release|Any CPU
		{C0DDF506-89E3-4456-9991-5A36ED75BAAC}.Debug|Any CPU.ActiveCfg = Debug|Any CPU
		{C0DDF506-89E3-4456-9991-5A36ED75BAAC}.Debug|Any CPU.Build.0 = Debug|Any CPU
		{C0DDF506-89E3-4456-9991-5A36ED75BAAC}.Release|Any CPU.ActiveCfg = Release|Any CPU
		{C0DDF506-89E3-4456-9991-5A36ED75BAAC}.Release|Any CPU.Build.0 = Release|Any CPU
		{7E87862C-2C3A-4549-840F-902936141865}.Debug|Any CPU.ActiveCfg = Debug|Any CPU
		{7E87862C-2C3A-4549-840F-902936141865}.Debug|Any CPU.Build.0 = Debug|Any CPU
		{7E87862C-2C3A-4549-840F-902936141865}.Release|Any CPU.ActiveCfg = Release|Any CPU
		{7E87862C-2C3A-4549-840F-902936141865}.Release|Any CPU.Build.0 = Release|Any CPU
		{565DD8BB-3764-4943-9BDE-AEA55615BF81}.Debug|Any CPU.ActiveCfg = Debug|Any CPU
		{565DD8BB-3764-4943-9BDE-AEA55615BF81}.Debug|Any CPU.Build.0 = Debug|Any CPU
		{565DD8BB-3764-4943-9BDE-AEA55615BF81}.Release|Any CPU.ActiveCfg = Release|Any CPU
		{565DD8BB-3764-4943-9BDE-AEA55615BF81}.Release|Any CPU.Build.0 = Release|Any CPU
		{79A7F356-79D6-4062-9454-31DE6BD3FA2E}.Debug|Any CPU.ActiveCfg = Debug|Any CPU
		{79A7F356-79D6-4062-9454-31DE6BD3FA2E}.Debug|Any CPU.Build.0 = Debug|Any CPU
		{79A7F356-79D6-4062-9454-31DE6BD3FA2E}.Release|Any CPU.ActiveCfg = Release|Any CPU
		{79A7F356-79D6-4062-9454-31DE6BD3FA2E}.Release|Any CPU.Build.0 = Release|Any CPU
		{3E25EC17-06D3-4FF8-8D7E-A6EE21F54E58}.Debug|Any CPU.ActiveCfg = Debug|Any CPU
		{3E25EC17-06D3-4FF8-8D7E-A6EE21F54E58}.Debug|Any CPU.Build.0 = Debug|Any CPU
		{3E25EC17-06D3-4FF8-8D7E-A6EE21F54E58}.Release|Any CPU.ActiveCfg = Release|Any CPU
		{3E25EC17-06D3-4FF8-8D7E-A6EE21F54E58}.Release|Any CPU.Build.0 = Release|Any CPU
		{A069575B-D809-4AE0-B3B2-A8E2ECE67FDB}.Debug|Any CPU.ActiveCfg = Debug|Any CPU
		{A069575B-D809-4AE0-B3B2-A8E2ECE67FDB}.Debug|Any CPU.Build.0 = Debug|Any CPU
		{A069575B-D809-4AE0-B3B2-A8E2ECE67FDB}.Release|Any CPU.ActiveCfg = Release|Any CPU
		{A069575B-D809-4AE0-B3B2-A8E2ECE67FDB}.Release|Any CPU.Build.0 = Release|Any CPU
		{30A2AC72-31CB-4B9E-AB0A-AA4ADCCF8A3E}.Debug|Any CPU.ActiveCfg = Debug|Any CPU
		{30A2AC72-31CB-4B9E-AB0A-AA4ADCCF8A3E}.Debug|Any CPU.Build.0 = Debug|Any CPU
		{30A2AC72-31CB-4B9E-AB0A-AA4ADCCF8A3E}.Release|Any CPU.ActiveCfg = Release|Any CPU
		{30A2AC72-31CB-4B9E-AB0A-AA4ADCCF8A3E}.Release|Any CPU.Build.0 = Release|Any CPU
		{2B4E47FD-AB78-4C9C-B114-915943506C52}.Debug|Any CPU.ActiveCfg = Debug|Any CPU
		{2B4E47FD-AB78-4C9C-B114-915943506C52}.Debug|Any CPU.Build.0 = Debug|Any CPU
		{2B4E47FD-AB78-4C9C-B114-915943506C52}.Release|Any CPU.ActiveCfg = Release|Any CPU
		{2B4E47FD-AB78-4C9C-B114-915943506C52}.Release|Any CPU.Build.0 = Release|Any CPU
		{85A42EB0-F373-4BDB-8591-C57FA05BDB3D}.Debug|Any CPU.ActiveCfg = Debug|Any CPU
		{85A42EB0-F373-4BDB-8591-C57FA05BDB3D}.Debug|Any CPU.Build.0 = Debug|Any CPU
		{85A42EB0-F373-4BDB-8591-C57FA05BDB3D}.Release|Any CPU.ActiveCfg = Release|Any CPU
		{85A42EB0-F373-4BDB-8591-C57FA05BDB3D}.Release|Any CPU.Build.0 = Release|Any CPU
		{DF01FA5A-B6F0-4F5F-9D36-09E452635019}.Debug|Any CPU.ActiveCfg = Debug|Any CPU
		{DF01FA5A-B6F0-4F5F-9D36-09E452635019}.Debug|Any CPU.Build.0 = Debug|Any CPU
		{DF01FA5A-B6F0-4F5F-9D36-09E452635019}.Release|Any CPU.ActiveCfg = Release|Any CPU
		{DF01FA5A-B6F0-4F5F-9D36-09E452635019}.Release|Any CPU.Build.0 = Release|Any CPU
		{698B70A6-02F6-49F9-AB0D-55D618148C25}.Debug|Any CPU.ActiveCfg = Debug|Any CPU
		{698B70A6-02F6-49F9-AB0D-55D618148C25}.Debug|Any CPU.Build.0 = Debug|Any CPU
		{698B70A6-02F6-49F9-AB0D-55D618148C25}.Release|Any CPU.ActiveCfg = Release|Any CPU
		{698B70A6-02F6-49F9-AB0D-55D618148C25}.Release|Any CPU.Build.0 = Release|Any CPU
		{DB79010C-0974-4948-89E0-D3F4C46FC582}.Debug|Any CPU.ActiveCfg = Debug|Any CPU
		{DB79010C-0974-4948-89E0-D3F4C46FC582}.Debug|Any CPU.Build.0 = Debug|Any CPU
		{DB79010C-0974-4948-89E0-D3F4C46FC582}.Release|Any CPU.ActiveCfg = Release|Any CPU
		{DB79010C-0974-4948-89E0-D3F4C46FC582}.Release|Any CPU.Build.0 = Release|Any CPU
		{667F4949-BAFA-4F6C-8444-C02006C8F7AC}.Debug|Any CPU.ActiveCfg = Debug|Any CPU
		{667F4949-BAFA-4F6C-8444-C02006C8F7AC}.Debug|Any CPU.Build.0 = Debug|Any CPU
		{667F4949-BAFA-4F6C-8444-C02006C8F7AC}.Release|Any CPU.ActiveCfg = Release|Any CPU
		{667F4949-BAFA-4F6C-8444-C02006C8F7AC}.Release|Any CPU.Build.0 = Release|Any CPU
		{E0F078B4-F00E-48A7-B918-5EF1DC5A705F}.Debug|Any CPU.ActiveCfg = Debug|Any CPU
		{E0F078B4-F00E-48A7-B918-5EF1DC5A705F}.Debug|Any CPU.Build.0 = Debug|Any CPU
		{E0F078B4-F00E-48A7-B918-5EF1DC5A705F}.Release|Any CPU.ActiveCfg = Release|Any CPU
		{E0F078B4-F00E-48A7-B918-5EF1DC5A705F}.Release|Any CPU.Build.0 = Release|Any CPU
		{D061A1D3-5381-48E3-9F1D-9F210A172715}.Debug|Any CPU.ActiveCfg = Debug|Any CPU
		{D061A1D3-5381-48E3-9F1D-9F210A172715}.Debug|Any CPU.Build.0 = Debug|Any CPU
		{D061A1D3-5381-48E3-9F1D-9F210A172715}.Release|Any CPU.ActiveCfg = Release|Any CPU
		{D061A1D3-5381-48E3-9F1D-9F210A172715}.Release|Any CPU.Build.0 = Release|Any CPU
		{2E670DE8-D543-4CFC-B43D-E88FDE832F33}.Debug|Any CPU.ActiveCfg = Debug|Any CPU
		{2E670DE8-D543-4CFC-B43D-E88FDE832F33}.Debug|Any CPU.Build.0 = Debug|Any CPU
		{2E670DE8-D543-4CFC-B43D-E88FDE832F33}.Release|Any CPU.ActiveCfg = Release|Any CPU
		{2E670DE8-D543-4CFC-B43D-E88FDE832F33}.Release|Any CPU.Build.0 = Release|Any CPU
		{5D76226C-A3E0-4739-B038-517DA1309727}.Debug|Any CPU.ActiveCfg = Debug|Any CPU
		{5D76226C-A3E0-4739-B038-517DA1309727}.Debug|Any CPU.Build.0 = Debug|Any CPU
		{5D76226C-A3E0-4739-B038-517DA1309727}.Release|Any CPU.ActiveCfg = Release|Any CPU
		{5D76226C-A3E0-4739-B038-517DA1309727}.Release|Any CPU.Build.0 = Release|Any CPU
		{EC2DE357-1976-41B9-8B59-DEE076BA533C}.Debug|Any CPU.ActiveCfg = Debug|Any CPU
		{EC2DE357-1976-41B9-8B59-DEE076BA533C}.Debug|Any CPU.Build.0 = Debug|Any CPU
		{EC2DE357-1976-41B9-8B59-DEE076BA533C}.Release|Any CPU.ActiveCfg = Release|Any CPU
		{EC2DE357-1976-41B9-8B59-DEE076BA533C}.Release|Any CPU.Build.0 = Release|Any CPU
		{B3FA30E0-CA7B-40FE-AC57-18E1B386CD8E}.Debug|Any CPU.ActiveCfg = Debug|Any CPU
		{B3FA30E0-CA7B-40FE-AC57-18E1B386CD8E}.Debug|Any CPU.Build.0 = Debug|Any CPU
		{B3FA30E0-CA7B-40FE-AC57-18E1B386CD8E}.Release|Any CPU.ActiveCfg = Release|Any CPU
		{B3FA30E0-CA7B-40FE-AC57-18E1B386CD8E}.Release|Any CPU.Build.0 = Release|Any CPU
		{24752455-F29C-4C90-B7DC-E10C3230A72A}.Debug|Any CPU.ActiveCfg = Debug|Any CPU
		{24752455-F29C-4C90-B7DC-E10C3230A72A}.Debug|Any CPU.Build.0 = Debug|Any CPU
		{24752455-F29C-4C90-B7DC-E10C3230A72A}.Release|Any CPU.ActiveCfg = Release|Any CPU
		{24752455-F29C-4C90-B7DC-E10C3230A72A}.Release|Any CPU.Build.0 = Release|Any CPU
		{5C25A3A6-F81B-4BAC-A9E3-1D654D785286}.Debug|Any CPU.ActiveCfg = Debug|Any CPU
		{5C25A3A6-F81B-4BAC-A9E3-1D654D785286}.Debug|Any CPU.Build.0 = Debug|Any CPU
		{5C25A3A6-F81B-4BAC-A9E3-1D654D785286}.Release|Any CPU.ActiveCfg = Release|Any CPU
		{5C25A3A6-F81B-4BAC-A9E3-1D654D785286}.Release|Any CPU.Build.0 = Release|Any CPU
		{10A0F71F-ACD3-4907-B8C8-BF5EFA5D771D}.Debug|Any CPU.ActiveCfg = Debug|Any CPU
		{10A0F71F-ACD3-4907-B8C8-BF5EFA5D771D}.Debug|Any CPU.Build.0 = Debug|Any CPU
		{10A0F71F-ACD3-4907-B8C8-BF5EFA5D771D}.Release|Any CPU.ActiveCfg = Release|Any CPU
		{10A0F71F-ACD3-4907-B8C8-BF5EFA5D771D}.Release|Any CPU.Build.0 = Release|Any CPU
		{19D00485-5C8A-44F0-A59B-94D7507CA1CA}.Debug|Any CPU.ActiveCfg = Debug|Any CPU
		{19D00485-5C8A-44F0-A59B-94D7507CA1CA}.Debug|Any CPU.Build.0 = Debug|Any CPU
		{19D00485-5C8A-44F0-A59B-94D7507CA1CA}.Release|Any CPU.ActiveCfg = Release|Any CPU
		{19D00485-5C8A-44F0-A59B-94D7507CA1CA}.Release|Any CPU.Build.0 = Release|Any CPU
		{902B4134-75BD-4BBB-AD05-371F85585770}.Debug|Any CPU.ActiveCfg = Debug|Any CPU
		{902B4134-75BD-4BBB-AD05-371F85585770}.Debug|Any CPU.Build.0 = Debug|Any CPU
		{902B4134-75BD-4BBB-AD05-371F85585770}.Release|Any CPU.ActiveCfg = Release|Any CPU
		{902B4134-75BD-4BBB-AD05-371F85585770}.Release|Any CPU.Build.0 = Release|Any CPU
		{F0C9E8B2-AEAE-4539-A226-CE542C9BCFD4}.Debug|Any CPU.ActiveCfg = Debug|Any CPU
		{F0C9E8B2-AEAE-4539-A226-CE542C9BCFD4}.Debug|Any CPU.Build.0 = Debug|Any CPU
		{F0C9E8B2-AEAE-4539-A226-CE542C9BCFD4}.Release|Any CPU.ActiveCfg = Release|Any CPU
		{F0C9E8B2-AEAE-4539-A226-CE542C9BCFD4}.Release|Any CPU.Build.0 = Release|Any CPU
		{44021DB3-4D31-40D5-B24C-C325A86CE601}.Debug|Any CPU.ActiveCfg = Debug|Any CPU
		{44021DB3-4D31-40D5-B24C-C325A86CE601}.Debug|Any CPU.Build.0 = Debug|Any CPU
		{44021DB3-4D31-40D5-B24C-C325A86CE601}.Release|Any CPU.ActiveCfg = Release|Any CPU
		{44021DB3-4D31-40D5-B24C-C325A86CE601}.Release|Any CPU.Build.0 = Release|Any CPU
		{F8C6FB46-FA64-494F-9FCE-FD5C90ACF631}.Debug|Any CPU.ActiveCfg = Debug|Any CPU
		{F8C6FB46-FA64-494F-9FCE-FD5C90ACF631}.Debug|Any CPU.Build.0 = Debug|Any CPU
		{F8C6FB46-FA64-494F-9FCE-FD5C90ACF631}.Release|Any CPU.ActiveCfg = Release|Any CPU
		{F8C6FB46-FA64-494F-9FCE-FD5C90ACF631}.Release|Any CPU.Build.0 = Release|Any CPU
		{C3258D7B-E1A1-46BF-8359-6BBE5BCFA50B}.Debug|Any CPU.ActiveCfg = Debug|Any CPU
		{C3258D7B-E1A1-46BF-8359-6BBE5BCFA50B}.Debug|Any CPU.Build.0 = Debug|Any CPU
		{C3258D7B-E1A1-46BF-8359-6BBE5BCFA50B}.Release|Any CPU.ActiveCfg = Release|Any CPU
		{C3258D7B-E1A1-46BF-8359-6BBE5BCFA50B}.Release|Any CPU.Build.0 = Release|Any CPU
		{BE8F1B3F-45A1-4ABD-A229-021F4151A7C5}.Debug|Any CPU.ActiveCfg = Debug|Any CPU
		{BE8F1B3F-45A1-4ABD-A229-021F4151A7C5}.Debug|Any CPU.Build.0 = Debug|Any CPU
		{BE8F1B3F-45A1-4ABD-A229-021F4151A7C5}.Release|Any CPU.ActiveCfg = Release|Any CPU
		{BE8F1B3F-45A1-4ABD-A229-021F4151A7C5}.Release|Any CPU.Build.0 = Release|Any CPU
		{C162ABAF-1915-4D6E-839C-9E7E570A8B7A}.Debug|Any CPU.ActiveCfg = Debug|Any CPU
		{C162ABAF-1915-4D6E-839C-9E7E570A8B7A}.Debug|Any CPU.Build.0 = Debug|Any CPU
		{C162ABAF-1915-4D6E-839C-9E7E570A8B7A}.Release|Any CPU.ActiveCfg = Release|Any CPU
		{C162ABAF-1915-4D6E-839C-9E7E570A8B7A}.Release|Any CPU.Build.0 = Release|Any CPU
		{8F34AE6E-ABEC-4EE1-8B31-3C2C2A6A3982}.Debug|Any CPU.ActiveCfg = Debug|Any CPU
		{8F34AE6E-ABEC-4EE1-8B31-3C2C2A6A3982}.Debug|Any CPU.Build.0 = Debug|Any CPU
		{8F34AE6E-ABEC-4EE1-8B31-3C2C2A6A3982}.Release|Any CPU.ActiveCfg = Release|Any CPU
		{8F34AE6E-ABEC-4EE1-8B31-3C2C2A6A3982}.Release|Any CPU.Build.0 = Release|Any CPU
		{600CB294-23FD-4272-81C2-B34983202907}.Debug|Any CPU.ActiveCfg = Debug|Any CPU
		{600CB294-23FD-4272-81C2-B34983202907}.Debug|Any CPU.Build.0 = Debug|Any CPU
		{600CB294-23FD-4272-81C2-B34983202907}.Release|Any CPU.ActiveCfg = Release|Any CPU
		{600CB294-23FD-4272-81C2-B34983202907}.Release|Any CPU.Build.0 = Release|Any CPU
		{253A302F-0D97-4CBF-A93D-89895D53D6D9}.Debug|Any CPU.ActiveCfg = Debug|Any CPU
		{253A302F-0D97-4CBF-A93D-89895D53D6D9}.Debug|Any CPU.Build.0 = Debug|Any CPU
		{253A302F-0D97-4CBF-A93D-89895D53D6D9}.Release|Any CPU.ActiveCfg = Release|Any CPU
		{253A302F-0D97-4CBF-A93D-89895D53D6D9}.Release|Any CPU.Build.0 = Release|Any CPU
		{8285198C-906B-4D5B-A6A3-8064D7EF30A7}.Debug|Any CPU.ActiveCfg = Debug|Any CPU
		{8285198C-906B-4D5B-A6A3-8064D7EF30A7}.Debug|Any CPU.Build.0 = Debug|Any CPU
		{8285198C-906B-4D5B-A6A3-8064D7EF30A7}.Release|Any CPU.ActiveCfg = Release|Any CPU
		{8285198C-906B-4D5B-A6A3-8064D7EF30A7}.Release|Any CPU.Build.0 = Release|Any CPU
		{D24DB78C-A704-4DED-A6C3-D040CCA3FDF2}.Debug|Any CPU.ActiveCfg = Debug|Any CPU
		{D24DB78C-A704-4DED-A6C3-D040CCA3FDF2}.Debug|Any CPU.Build.0 = Debug|Any CPU
		{D24DB78C-A704-4DED-A6C3-D040CCA3FDF2}.Release|Any CPU.ActiveCfg = Release|Any CPU
		{D24DB78C-A704-4DED-A6C3-D040CCA3FDF2}.Release|Any CPU.Build.0 = Release|Any CPU
		{8C87036C-EB5D-47C5-A239-CD9DC9F2F502}.Debug|Any CPU.ActiveCfg = Debug|Any CPU
		{8C87036C-EB5D-47C5-A239-CD9DC9F2F502}.Debug|Any CPU.Build.0 = Debug|Any CPU
		{8C87036C-EB5D-47C5-A239-CD9DC9F2F502}.Release|Any CPU.ActiveCfg = Release|Any CPU
		{8C87036C-EB5D-47C5-A239-CD9DC9F2F502}.Release|Any CPU.Build.0 = Release|Any CPU
		{8639151F-1986-4C8B-8A0C-12BD87C5A8AC}.Debug|Any CPU.ActiveCfg = Debug|Any CPU
		{8639151F-1986-4C8B-8A0C-12BD87C5A8AC}.Debug|Any CPU.Build.0 = Debug|Any CPU
		{8639151F-1986-4C8B-8A0C-12BD87C5A8AC}.Release|Any CPU.ActiveCfg = Release|Any CPU
		{8639151F-1986-4C8B-8A0C-12BD87C5A8AC}.Release|Any CPU.Build.0 = Release|Any CPU
		{771B9F0F-7793-4E3D-89EE-8B54EBB995C4}.Debug|Any CPU.ActiveCfg = Debug|Any CPU
		{771B9F0F-7793-4E3D-89EE-8B54EBB995C4}.Debug|Any CPU.Build.0 = Debug|Any CPU
		{771B9F0F-7793-4E3D-89EE-8B54EBB995C4}.Release|Any CPU.ActiveCfg = Release|Any CPU
		{771B9F0F-7793-4E3D-89EE-8B54EBB995C4}.Release|Any CPU.Build.0 = Release|Any CPU
		{BE399F82-C183-4691-82FF-E56B81EA1527}.Debug|Any CPU.ActiveCfg = Debug|Any CPU
		{BE399F82-C183-4691-82FF-E56B81EA1527}.Debug|Any CPU.Build.0 = Debug|Any CPU
		{BE399F82-C183-4691-82FF-E56B81EA1527}.Release|Any CPU.ActiveCfg = Release|Any CPU
		{BE399F82-C183-4691-82FF-E56B81EA1527}.Release|Any CPU.Build.0 = Release|Any CPU
		{A2FA56C0-5CCB-45C4-8472-A146F05711AE}.Debug|Any CPU.ActiveCfg = Debug|Any CPU
		{A2FA56C0-5CCB-45C4-8472-A146F05711AE}.Debug|Any CPU.Build.0 = Debug|Any CPU
		{A2FA56C0-5CCB-45C4-8472-A146F05711AE}.Release|Any CPU.ActiveCfg = Release|Any CPU
		{A2FA56C0-5CCB-45C4-8472-A146F05711AE}.Release|Any CPU.Build.0 = Release|Any CPU
	EndGlobalSection
EndGlobal
