
Microsoft Visual Studio Solution File, Format Version 12.00
# Visual Studio Version 17
VisualStudioVersion = 17.0.31903.59
MinimumVisualStudioVersion = 10.0.40219.1
Project("{FAE04EC0-301F-11D3-BF4B-00C04F79EFBC}") = "01 - HelloAIChatApp", "01 - HelloAIChatApp\01 - HelloAIChatApp.csproj", "{C7369E7C-49E2-4A0E-9BEB-1F172FD2F04F}"
EndProject
Project("{FAE04EC0-301F-11D3-BF4B-00C04F79EFBC}") = "02 - Basic Chat App", "02 - Basic Chat App\02 - Basic Chat App.csproj", "{2350E0FF-274C-41C0-9951-915AD3D223AE}"
EndProject
Project("{FAE04EC0-301F-11D3-BF4B-00C04F79EFBC}") = "03 - QandA Chat App", "03 - QandA Chat App\03 - QandA Chat App.csproj", "{45E327E3-7DDF-4478-9CE4-34DEDC977AB8}"
EndProject
Project("{FAE04EC0-301F-11D3-BF4B-00C04F79EFBC}") = "04 - AI Functions", "04 - AI Functions\04 - AI Functions.csproj", "{B5DFA21A-EE6C-4349-9F47-AF0D22C5E055}"
EndProject
Project("{FAE04EC0-301F-11D3-BF4B-00C04F79EFBC}") = "05 - AI Function SK", "05 - AI Function SK\05 - AI Function SK.csproj", "{238572C4-4B2A-4717-A07F-4AF4D78CAED4}"
EndProject
Project("{FAE04EC0-301F-11D3-BF4B-00C04F79EFBC}") = "MovieVectorShared", "MovieVectorShared\MovieVectorShared.csproj", "{33102F01-24B0-433A-AC69-5342B03B0590}"
EndProject
Project("{FAE04EC0-301F-11D3-BF4B-00C04F79EFBC}") = "06 - RAG Vector Memory", "06 - RAG Vector Memory\06 - RAG Vector Memory.csproj", "{289EC340-3C30-40E4-A49E-29E87422D377}"
EndProject
Project("{FAE04EC0-301F-11D3-BF4B-00C04F79EFBC}") = "07 - RAG Azure AI", "07 - RAG Azure AI\07 - RAG Azure AI.csproj", "{F77B4E81-4866-4DA4-9737-663F0359FFF7}"
EndProject
Project("{FAE04EC0-301F-11D3-BF4B-00C04F79EFBC}") = "08 - RAG SK", "08 - RAG SK\08 - RAG SK.csproj", "{FD375ED5-B0D4-42F0-BD33-0443ACBAB1AB}"
EndProject
Project("{FAE04EC0-301F-11D3-BF4B-00C04F79EFBC}") = "09 - Images Azure AI", "09 - Images Azure AI\09 - Images Azure AI.csproj", "{45B7B2E4-75DD-4685-8B2D-0F8C78A299BB}"
EndProject
Project("{FAE04EC0-301F-11D3-BF4B-00C04F79EFBC}") = "10 - audio azure speech", "10 - audio azure speech\10 - audio azure speech.csproj", "{C0DDF506-89E3-4456-9991-5A36ED75BAAC}"
EndProject
Project("{FAE04EC0-301F-11D3-BF4B-00C04F79EFBC}") = "11 - AI agent", "11 - AI agent\11 - AI agent.csproj", "{7E87862C-2C3A-4549-840F-902936141865}"
EndProject
Project("{FAE04EC0-301F-11D3-BF4B-00C04F79EFBC}") = "12 - AI Travel agent", "12 - AI Travel agent\12 - AI Travel agent.csproj", "{565DD8BB-3764-4943-9BDE-AEA55615BF81}"
EndProject
Project("{FAE04EC0-301F-11D3-BF4B-00C04F79EFBC}") = "13 - Reasoning", "13 - Reasoning\13 - Reasoning.csproj", "{79A7F356-79D6-4062-9454-31DE6BD3FA2E}"
EndProject
Project("{FAE04EC0-301F-11D3-BF4B-00C04F79EFBC}") = "14 - Eval a Model response", "14 - Eval a Model response\14 - Eval a Model response.csproj", "{3E25EC17-06D3-4FF8-8D7E-A6EE21F54E58}"
EndProject
Project("{FAE04EC0-301F-11D3-BF4B-00C04F79EFBC}") = "15 - Eval with reporting", "15 - Eval with reporting\15 - Eval with reporting.csproj", "{A069575B-D809-4AE0-B3B2-A8E2ECE67FDB}"
EndProject
Project("{FAE04EC0-301F-11D3-BF4B-00C04F79EFBC}") = "16 - SK_Create Kernel", "16 - SK_Create Kernel\16 - SK_Create Kernel.csproj", "{30A2AC72-31CB-4B9E-AB0A-AA4ADCCF8A3E}"
EndProject
Project("{FAE04EC0-301F-11D3-BF4B-00C04F79EFBC}") = "17 - Add Plugins", "17 - Add Plugins\17 - Add Plugins.csproj", "{2B4E47FD-AB78-4C9C-B114-915943506C52}"
EndProject
Project("{FAE04EC0-301F-11D3-BF4B-00C04F79EFBC}") = "18 - SK yaml prompt", "18 - SK yaml prompt\18 - SK yaml prompt.csproj", "{85A42EB0-F373-4BDB-8591-C57FA05BDB3D}"
EndProject
Project("{FAE04EC0-301F-11D3-BF4B-00C04F79EFBC}") = "19 - SK dependency injection", "19 - SK dependency injection\19 - SK dependency injection.csproj", "{DF01FA5A-B6F0-4F5F-9D36-09E452635019}"
EndProject
Global
	GlobalSection(SolutionConfigurationPlatforms) = preSolution
		Debug|Any CPU = Debug|Any CPU
		Release|Any CPU = Release|Any CPU
	EndGlobalSection
	GlobalSection(SolutionProperties) = preSolution
		HideSolutionNode = FALSE
	EndGlobalSection
	GlobalSection(ProjectConfigurationPlatforms) = postSolution
		{C7369E7C-49E2-4A0E-9BEB-1F172FD2F04F}.Debug|Any CPU.ActiveCfg = Debug|Any CPU
		{C7369E7C-49E2-4A0E-9BEB-1F172FD2F04F}.Debug|Any CPU.Build.0 = Debug|Any CPU
		{C7369E7C-49E2-4A0E-9BEB-1F172FD2F04F}.Release|Any CPU.ActiveCfg = Release|Any CPU
		{C7369E7C-49E2-4A0E-9BEB-1F172FD2F04F}.Release|Any CPU.Build.0 = Release|Any CPU
		{2350E0FF-274C-41C0-9951-915AD3D223AE}.Debug|Any CPU.ActiveCfg = Debug|Any CPU
		{2350E0FF-274C-41C0-9951-915AD3D223AE}.Debug|Any CPU.Build.0 = Debug|Any CPU
		{2350E0FF-274C-41C0-9951-915AD3D223AE}.Release|Any CPU.ActiveCfg = Release|Any CPU
		{2350E0FF-274C-41C0-9951-915AD3D223AE}.Release|Any CPU.Build.0 = Release|Any CPU
		{45E327E3-7DDF-4478-9CE4-34DEDC977AB8}.Debug|Any CPU.ActiveCfg = Debug|Any CPU
		{45E327E3-7DDF-4478-9CE4-34DEDC977AB8}.Debug|Any CPU.Build.0 = Debug|Any CPU
		{45E327E3-7DDF-4478-9CE4-34DEDC977AB8}.Release|Any CPU.ActiveCfg = Release|Any CPU
		{45E327E3-7DDF-4478-9CE4-34DEDC977AB8}.Release|Any CPU.Build.0 = Release|Any CPU
		{B5DFA21A-EE6C-4349-9F47-AF0D22C5E055}.Debug|Any CPU.ActiveCfg = Debug|Any CPU
		{B5DFA21A-EE6C-4349-9F47-AF0D22C5E055}.Debug|Any CPU.Build.0 = Debug|Any CPU
		{B5DFA21A-EE6C-4349-9F47-AF0D22C5E055}.Release|Any CPU.ActiveCfg = Release|Any CPU
		{B5DFA21A-EE6C-4349-9F47-AF0D22C5E055}.Release|Any CPU.Build.0 = Release|Any CPU
		{238572C4-4B2A-4717-A07F-4AF4D78CAED4}.Debug|Any CPU.ActiveCfg = Debug|Any CPU
		{238572C4-4B2A-4717-A07F-4AF4D78CAED4}.Debug|Any CPU.Build.0 = Debug|Any CPU
		{238572C4-4B2A-4717-A07F-4AF4D78CAED4}.Release|Any CPU.ActiveCfg = Release|Any CPU
		{238572C4-4B2A-4717-A07F-4AF4D78CAED4}.Release|Any CPU.Build.0 = Release|Any CPU
		{33102F01-24B0-433A-AC69-5342B03B0590}.Debug|Any CPU.ActiveCfg = Debug|Any CPU
		{33102F01-24B0-433A-AC69-5342B03B0590}.Debug|Any CPU.Build.0 = Debug|Any CPU
		{33102F01-24B0-433A-AC69-5342B03B0590}.Release|Any CPU.ActiveCfg = Release|Any CPU
		{33102F01-24B0-433A-AC69-5342B03B0590}.Release|Any CPU.Build.0 = Release|Any CPU
		{289EC340-3C30-40E4-A49E-29E87422D377}.Debug|Any CPU.ActiveCfg = Debug|Any CPU
		{289EC340-3C30-40E4-A49E-29E87422D377}.Debug|Any CPU.Build.0 = Debug|Any CPU
		{289EC340-3C30-40E4-A49E-29E87422D377}.Release|Any CPU.ActiveCfg = Release|Any CPU
		{289EC340-3C30-40E4-A49E-29E87422D377}.Release|Any CPU.Build.0 = Release|Any CPU
		{F77B4E81-4866-4DA4-9737-663F0359FFF7}.Debug|Any CPU.ActiveCfg = Debug|Any CPU
		{F77B4E81-4866-4DA4-9737-663F0359FFF7}.Debug|Any CPU.Build.0 = Debug|Any CPU
		{F77B4E81-4866-4DA4-9737-663F0359FFF7}.Release|Any CPU.ActiveCfg = Release|Any CPU
		{F77B4E81-4866-4DA4-9737-663F0359FFF7}.Release|Any CPU.Build.0 = Release|Any CPU
		{FD375ED5-B0D4-42F0-BD33-0443ACBAB1AB}.Debug|Any CPU.ActiveCfg = Debug|Any CPU
		{FD375ED5-B0D4-42F0-BD33-0443ACBAB1AB}.Debug|Any CPU.Build.0 = Debug|Any CPU
		{FD375ED5-B0D4-42F0-BD33-0443ACBAB1AB}.Release|Any CPU.ActiveCfg = Release|Any CPU
		{FD375ED5-B0D4-42F0-BD33-0443ACBAB1AB}.Release|Any CPU.Build.0 = Release|Any CPU
		{45B7B2E4-75DD-4685-8B2D-0F8C78A299BB}.Debug|Any CPU.ActiveCfg = Debug|Any CPU
		{45B7B2E4-75DD-4685-8B2D-0F8C78A299BB}.Debug|Any CPU.Build.0 = Debug|Any CPU
		{45B7B2E4-75DD-4685-8B2D-0F8C78A299BB}.Release|Any CPU.ActiveCfg = Release|Any CPU
		{45B7B2E4-75DD-4685-8B2D-0F8C78A299BB}.Release|Any CPU.Build.0 = Release|Any CPU
		{C0DDF506-89E3-4456-9991-5A36ED75BAAC}.Debug|Any CPU.ActiveCfg = Debug|Any CPU
		{C0DDF506-89E3-4456-9991-5A36ED75BAAC}.Debug|Any CPU.Build.0 = Debug|Any CPU
		{C0DDF506-89E3-4456-9991-5A36ED75BAAC}.Release|Any CPU.ActiveCfg = Release|Any CPU
		{C0DDF506-89E3-4456-9991-5A36ED75BAAC}.Release|Any CPU.Build.0 = Release|Any CPU
		{7E87862C-2C3A-4549-840F-902936141865}.Debug|Any CPU.ActiveCfg = Debug|Any CPU
		{7E87862C-2C3A-4549-840F-902936141865}.Debug|Any CPU.Build.0 = Debug|Any CPU
		{7E87862C-2C3A-4549-840F-902936141865}.Release|Any CPU.ActiveCfg = Release|Any CPU
		{7E87862C-2C3A-4549-840F-902936141865}.Release|Any CPU.Build.0 = Release|Any CPU
		{565DD8BB-3764-4943-9BDE-AEA55615BF81}.Debug|Any CPU.ActiveCfg = Debug|Any CPU
		{565DD8BB-3764-4943-9BDE-AEA55615BF81}.Debug|Any CPU.Build.0 = Debug|Any CPU
		{565DD8BB-3764-4943-9BDE-AEA55615BF81}.Release|Any CPU.ActiveCfg = Release|Any CPU
		{565DD8BB-3764-4943-9BDE-AEA55615BF81}.Release|Any CPU.Build.0 = Release|Any CPU
		{79A7F356-79D6-4062-9454-31DE6BD3FA2E}.Debug|Any CPU.ActiveCfg = Debug|Any CPU
		{79A7F356-79D6-4062-9454-31DE6BD3FA2E}.Debug|Any CPU.Build.0 = Debug|Any CPU
		{79A7F356-79D6-4062-9454-31DE6BD3FA2E}.Release|Any CPU.ActiveCfg = Release|Any CPU
		{79A7F356-79D6-4062-9454-31DE6BD3FA2E}.Release|Any CPU.Build.0 = Release|Any CPU
		{3E25EC17-06D3-4FF8-8D7E-A6EE21F54E58}.Debug|Any CPU.ActiveCfg = Debug|Any CPU
		{3E25EC17-06D3-4FF8-8D7E-A6EE21F54E58}.Debug|Any CPU.Build.0 = Debug|Any CPU
		{3E25EC17-06D3-4FF8-8D7E-A6EE21F54E58}.Release|Any CPU.ActiveCfg = Release|Any CPU
		{3E25EC17-06D3-4FF8-8D7E-A6EE21F54E58}.Release|Any CPU.Build.0 = Release|Any CPU
		{A069575B-D809-4AE0-B3B2-A8E2ECE67FDB}.Debug|Any CPU.ActiveCfg = Debug|Any CPU
		{A069575B-D809-4AE0-B3B2-A8E2ECE67FDB}.Debug|Any CPU.Build.0 = Debug|Any CPU
		{A069575B-D809-4AE0-B3B2-A8E2ECE67FDB}.Release|Any CPU.ActiveCfg = Release|Any CPU
		{A069575B-D809-4AE0-B3B2-A8E2ECE67FDB}.Release|Any CPU.Build.0 = Release|Any CPU
		{30A2AC72-31CB-4B9E-AB0A-AA4ADCCF8A3E}.Debug|Any CPU.ActiveCfg = Debug|Any CPU
		{30A2AC72-31CB-4B9E-AB0A-AA4ADCCF8A3E}.Debug|Any CPU.Build.0 = Debug|Any CPU
		{30A2AC72-31CB-4B9E-AB0A-AA4ADCCF8A3E}.Release|Any CPU.ActiveCfg = Release|Any CPU
		{30A2AC72-31CB-4B9E-AB0A-AA4ADCCF8A3E}.Release|Any CPU.Build.0 = Release|Any CPU
		{2B4E47FD-AB78-4C9C-B114-915943506C52}.Debug|Any CPU.ActiveCfg = Debug|Any CPU
		{2B4E47FD-AB78-4C9C-B114-915943506C52}.Debug|Any CPU.Build.0 = Debug|Any CPU
		{2B4E47FD-AB78-4C9C-B114-915943506C52}.Release|Any CPU.ActiveCfg = Release|Any CPU
		{2B4E47FD-AB78-4C9C-B114-915943506C52}.Release|Any CPU.Build.0 = Release|Any CPU
		{85A42EB0-F373-4BDB-8591-C57FA05BDB3D}.Debug|Any CPU.ActiveCfg = Debug|Any CPU
		{85A42EB0-F373-4BDB-8591-C57FA05BDB3D}.Debug|Any CPU.Build.0 = Debug|Any CPU
		{85A42EB0-F373-4BDB-8591-C57FA05BDB3D}.Release|Any CPU.ActiveCfg = Release|Any CPU
		{85A42EB0-F373-4BDB-8591-C57FA05BDB3D}.Release|Any CPU.Build.0 = Release|Any CPU
		{DF01FA5A-B6F0-4F5F-9D36-09E452635019}.Debug|Any CPU.ActiveCfg = Debug|Any CPU
		{DF01FA5A-B6F0-4F5F-9D36-09E452635019}.Debug|Any CPU.Build.0 = Debug|Any CPU
		{DF01FA5A-B6F0-4F5F-9D36-09E452635019}.Release|Any CPU.ActiveCfg = Release|Any CPU
		{DF01FA5A-B6F0-4F5F-9D36-09E452635019}.Release|Any CPU.Build.0 = Release|Any CPU
	EndGlobalSection
EndGlobal
